
Microsoft Visual Studio Solution File, Format Version 12.00
# Visual Studio Version 17
VisualStudioVersion = 17.0.32014.148
MinimumVisualStudioVersion = 10.0.40219.1
Project("{FAE04EC0-301F-11D3-BF4B-00C04F79EFBC}") = "PlantsVsZombies", "PlantsVsZombies\PlantsVsZombies.csproj", "{E055C00F-3F43-4700-888B-A9C7BFCE2D2A}"
EndProject
Global
	GlobalSection(SolutionConfigurationPlatforms) = preSolution
		Debug|Any CPU = Debug|Any CPU
		Release|Any CPU = Release|Any CPU
	EndGlobalSection
	GlobalSection(ProjectConfigurationPlatforms) = postSolution
		{E055C00F-3F43-4700-888B-A9C7BFCE2D2A}.Debug|Any CPU.ActiveCfg = Debug|Any CPU
		{E055C00F-3F43-4700-888B-A9C7BFCE2D2A}.Debug|Any CPU.Build.0 = Debug|Any CPU
		{E055C00F-3F43-4700-888B-A9C7BFCE2D2A}.Release|Any CPU.ActiveCfg = Release|Any CPU
		{E055C00F-3F43-4700-888B-A9C7BFCE2D2A}.Release|Any CPU.Build.0 = Release|Any CPU
	EndGlobalSection
	GlobalSection(SolutionProperties) = preSolution
		HideSolutionNode = FALSE
	EndGlobalSection
	GlobalSection(ExtensibilityGlobals) = postSolution
		SolutionGuid = {698B5928-D12D-41D8-ABA5-72B4F17DAE60}
	EndGlobalSection
EndGlobal
